// !$*UTF8*$!
{
	archiveVersion = 1;
	classes = {
	};
	objectVersion = 56;
	objects = {

/* Begin PBXBuildFile section */
		5104FD2F2C1D1BFC0003DD08 /* libmysqlcppconn8.2.8.3.0.dylib in Frameworks */ = {isa = PBXBuildFile; fileRef = 5174D12A2C1C8D6F006B21B0 /* libmysqlcppconn8.2.8.3.0.dylib */; };
		5104FD302C1D1C060003DD08 /* libmysqlcppconn.9.8.3.0.dylib in Frameworks */ = {isa = PBXBuildFile; fileRef = 5174D12C2C1C9200006B21B0 /* libmysqlcppconn.9.8.3.0.dylib */; };
		519CFFC82C1C7D7200F180CD /* main.cpp in Sources */ = {isa = PBXBuildFile; fileRef = 519CFFC72C1C7D7200F180CD /* main.cpp */; };
/* End PBXBuildFile section */

/* Begin PBXCopyFilesBuildPhase section */
		519CFFC22C1C7D7200F180CD /* CopyFiles */ = {
			isa = PBXCopyFilesBuildPhase;
			buildActionMask = 2147483647;
			dstPath = /usr/share/man/man1/;
			dstSubfolderSpec = 0;
			files = (
			);
			runOnlyForDeploymentPostprocessing = 1;
		};
/* End PBXCopyFilesBuildPhase section */

/* Begin PBXFileReference section */
		5174D12A2C1C8D6F006B21B0 /* libmysqlcppconn8.2.8.3.0.dylib */ = {isa = PBXFileReference; lastKnownFileType = "compiled.mach-o.dylib"; name = libmysqlcppconn8.2.8.3.0.dylib; path = "../../../../../../../../usr/local/mysql-connector-c++-8.3.0/lib64/libmysqlcppconn8.2.8.3.0.dylib"; sourceTree = "<group>"; };
		5174D12C2C1C9200006B21B0 /* libmysqlcppconn.9.8.3.0.dylib */ = {isa = PBXFileReference; lastKnownFileType = "compiled.mach-o.dylib"; name = libmysqlcppconn.9.8.3.0.dylib; path = "../../../../../../../../usr/local/mysql-connector-c++-8.3.0/lib64/libmysqlcppconn.9.8.3.0.dylib"; sourceTree = "<group>"; };
		519CFFC42C1C7D7200F180CD /* 05-mysql */ = {isa = PBXFileReference; explicitFileType = "compiled.mach-o.executable"; includeInIndex = 0; path = "05-mysql"; sourceTree = BUILT_PRODUCTS_DIR; };
		519CFFC72C1C7D7200F180CD /* main.cpp */ = {isa = PBXFileReference; lastKnownFileType = sourcecode.cpp.cpp; path = main.cpp; sourceTree = "<group>"; };
/* End PBXFileReference section */

/* Begin PBXFrameworksBuildPhase section */
		5104FD2E2C1D1BE60003DD08 /* Frameworks */ = {
			isa = PBXFrameworksBuildPhase;
			buildActionMask = 2147483647;
			files = (
				5104FD2F2C1D1BFC0003DD08 /* libmysqlcppconn8.2.8.3.0.dylib in Frameworks */,
				5104FD302C1D1C060003DD08 /* libmysqlcppconn.9.8.3.0.dylib in Frameworks */,
			);
			runOnlyForDeploymentPostprocessing = 0;
		};
/* End PBXFrameworksBuildPhase section */

/* Begin PBXGroup section */
		519CFFBB2C1C7D7200F180CD = {
			isa = PBXGroup;
			children = (
				519CFFC62C1C7D7200F180CD /* 05-mysql */,
				519CFFC52C1C7D7200F180CD /* Products */,
				519CFFCE2C1C8B8400F180CD /* Frameworks */,
			);
			sourceTree = "<group>";
		};
		519CFFC52C1C7D7200F180CD /* Products */ = {
			isa = PBXGroup;
			children = (
				519CFFC42C1C7D7200F180CD /* 05-mysql */,
			);
			name = Products;
			sourceTree = "<group>";
		};
		519CFFC62C1C7D7200F180CD /* 05-mysql */ = {
			isa = PBXGroup;
			children = (
				519CFFC72C1C7D7200F180CD /* main.cpp */,
			);
			path = "05-mysql";
			sourceTree = "<group>";
		};
		519CFFCE2C1C8B8400F180CD /* Frameworks */ = {
			isa = PBXGroup;
			children = (
				5174D12C2C1C9200006B21B0 /* libmysqlcppconn.9.8.3.0.dylib */,
				5174D12A2C1C8D6F006B21B0 /* libmysqlcppconn8.2.8.3.0.dylib */,
			);
			name = Frameworks;
			sourceTree = "<group>";
		};
/* End PBXGroup section */

/* Begin PBXNativeTarget section */
		519CFFC32C1C7D7200F180CD /* 05-mysql */ = {
			isa = PBXNativeTarget;
			buildConfigurationList = 519CFFCB2C1C7D7200F180CD /* Build configuration list for PBXNativeTarget "05-mysql" */;
			buildPhases = (
				519CFFC02C1C7D7200F180CD /* Sources */,
				519CFFC22C1C7D7200F180CD /* CopyFiles */,
				5104FD2E2C1D1BE60003DD08 /* Frameworks */,
			);
			buildRules = (
			);
			dependencies = (
			);
			name = "05-mysql";
			productName = "05-mysql";
			productReference = 519CFFC42C1C7D7200F180CD /* 05-mysql */;
			productType = "com.apple.product-type.tool";
		};
/* End PBXNativeTarget section */

/* Begin PBXProject section */
		519CFFBC2C1C7D7200F180CD /* Project object */ = {
			isa = PBXProject;
			attributes = {
				BuildIndependentTargetsInParallel = 1;
				LastUpgradeCheck = 1530;
				TargetAttributes = {
					519CFFC32C1C7D7200F180CD = {
						CreatedOnToolsVersion = 15.3;
					};
				};
			};
			buildConfigurationList = 519CFFBF2C1C7D7200F180CD /* Build configuration list for PBXProject "05-mysql" */;
			compatibilityVersion = "Xcode 14.0";
			developmentRegion = en;
			hasScannedForEncodings = 0;
			knownRegions = (
				en,
				Base,
			);
			mainGroup = 519CFFBB2C1C7D7200F180CD;
			productRefGroup = 519CFFC52C1C7D7200F180CD /* Products */;
			projectDirPath = "";
			projectRoot = "";
			targets = (
				519CFFC32C1C7D7200F180CD /* 05-mysql */,
			);
		};
/* End PBXProject section */

/* Begin PBXSourcesBuildPhase section */
		519CFFC02C1C7D7200F180CD /* Sources */ = {
			isa = PBXSourcesBuildPhase;
			buildActionMask = 2147483647;
			files = (
				519CFFC82C1C7D7200F180CD /* main.cpp in Sources */,
			);
			runOnlyForDeploymentPostprocessing = 0;
		};
/* End PBXSourcesBuildPhase section */

/* Begin XCBuildConfiguration section */
		519CFFC92C1C7D7200F180CD /* Debug */ = {
			isa = XCBuildConfiguration;
			buildSettings = {
				ALWAYS_SEARCH_USER_PATHS = NO;
				ASSETCATALOG_COMPILER_GENERATE_SWIFT_ASSET_SYMBOL_EXTENSIONS = YES;
				CLANG_ANALYZER_NONNULL = YES;
				CLANG_ANALYZER_NUMBER_OBJECT_CONVERSION = YES_AGGRESSIVE;
				CLANG_CXX_LANGUAGE_STANDARD = "gnu++20";
				CLANG_ENABLE_MODULES = YES;
				CLANG_ENABLE_OBJC_ARC = YES;
				CLANG_ENABLE_OBJC_WEAK = YES;
				CLANG_WARN_BLOCK_CAPTURE_AUTORELEASING = YES;
				CLANG_WARN_BOOL_CONVERSION = YES;
				CLANG_WARN_COMMA = YES;
				CLANG_WARN_CONSTANT_CONVERSION = YES;
				CLANG_WARN_DEPRECATED_OBJC_IMPLEMENTATIONS = YES;
				CLANG_WARN_DIRECT_OBJC_ISA_USAGE = YES_ERROR;
				CLANG_WARN_DOCUMENTATION_COMMENTS = YES;
				CLANG_WARN_EMPTY_BODY = YES;
				CLANG_WARN_ENUM_CONVERSION = YES;
				CLANG_WARN_INFINITE_RECURSION = YES;
				CLANG_WARN_INT_CONVERSION = YES;
				CLANG_WARN_NON_LITERAL_NULL_CONVERSION = YES;
				CLANG_WARN_OBJC_IMPLICIT_RETAIN_SELF = YES;
				CLANG_WARN_OBJC_LITERAL_CONVERSION = YES;
				CLANG_WARN_OBJC_ROOT_CLASS = YES_ERROR;
				CLANG_WARN_QUOTED_INCLUDE_IN_FRAMEWORK_HEADER = YES;
				CLANG_WARN_RANGE_LOOP_ANALYSIS = YES;
				CLANG_WARN_STRICT_PROTOTYPES = YES;
				CLANG_WARN_SUSPICIOUS_MOVE = YES;
				CLANG_WARN_UNGUARDED_AVAILABILITY = YES_AGGRESSIVE;
				CLANG_WARN_UNREACHABLE_CODE = YES;
				CLANG_WARN__DUPLICATE_METHOD_MATCH = YES;
				COPY_PHASE_STRIP = NO;
				DEBUG_INFORMATION_FORMAT = dwarf;
				ENABLE_STRICT_OBJC_MSGSEND = YES;
				ENABLE_TESTABILITY = YES;
				ENABLE_USER_SCRIPT_SANDBOXING = YES;
				GCC_C_LANGUAGE_STANDARD = gnu17;
				GCC_DYNAMIC_NO_PIC = NO;
				GCC_NO_COMMON_BLOCKS = YES;
				GCC_OPTIMIZATION_LEVEL = 0;
				GCC_PREPROCESSOR_DEFINITIONS = (
					"DEBUG=1",
					"$(inherited)",
				);
				GCC_WARN_64_TO_32_BIT_CONVERSION = YES;
				GCC_WARN_ABOUT_RETURN_TYPE = YES_ERROR;
				GCC_WARN_UNDECLARED_SELECTOR = YES;
				GCC_WARN_UNINITIALIZED_AUTOS = YES_AGGRESSIVE;
				GCC_WARN_UNUSED_FUNCTION = YES;
				GCC_WARN_UNUSED_VARIABLE = YES;
				LOCALIZATION_PREFERS_STRING_CATALOGS = YES;
				MACOSX_DEPLOYMENT_TARGET = 14.4;
				MTL_ENABLE_DEBUG_INFO = INCLUDE_SOURCE;
				MTL_FAST_MATH = YES;
				ONLY_ACTIVE_ARCH = YES;
				SDKROOT = macosx;
			};
			name = Debug;
		};
		519CFFCA2C1C7D7200F180CD /* Release */ = {
			isa = XCBuildConfiguration;
			buildSettings = {
				ALWAYS_SEARCH_USER_PATHS = NO;
				ASSETCATALOG_COMPILER_GENERATE_SWIFT_ASSET_SYMBOL_EXTENSIONS = YES;
				CLANG_ANALYZER_NONNULL = YES;
				CLANG_ANALYZER_NUMBER_OBJECT_CONVERSION = YES_AGGRESSIVE;
				CLANG_CXX_LANGUAGE_STANDARD = "gnu++20";
				CLANG_ENABLE_MODULES = YES;
				CLANG_ENABLE_OBJC_ARC = YES;
				CLANG_ENABLE_OBJC_WEAK = YES;
				CLANG_WARN_BLOCK_CAPTURE_AUTORELEASING = YES;
				CLANG_WARN_BOOL_CONVERSION = YES;
				CLANG_WARN_COMMA = YES;
				CLANG_WARN_CONSTANT_CONVERSION = YES;
				CLANG_WARN_DEPRECATED_OBJC_IMPLEMENTATIONS = YES;
				CLANG_WARN_DIRECT_OBJC_ISA_USAGE = YES_ERROR;
				CLANG_WARN_DOCUMENTATION_COMMENTS = YES;
				CLANG_WARN_EMPTY_BODY = YES;
				CLANG_WARN_ENUM_CONVERSION = YES;
				CLANG_WARN_INFINITE_RECURSION = YES;
				CLANG_WARN_INT_CONVERSION = YES;
				CLANG_WARN_NON_LITERAL_NULL_CONVERSION = YES;
				CLANG_WARN_OBJC_IMPLICIT_RETAIN_SELF = YES;
				CLANG_WARN_OBJC_LITERAL_CONVERSION = YES;
				CLANG_WARN_OBJC_ROOT_CLASS = YES_ERROR;
				CLANG_WARN_QUOTED_INCLUDE_IN_FRAMEWORK_HEADER = YES;
				CLANG_WARN_RANGE_LOOP_ANALYSIS = YES;
				CLANG_WARN_STRICT_PROTOTYPES = YES;
				CLANG_WARN_SUSPICIOUS_MOVE = YES;
				CLANG_WARN_UNGUARDED_AVAILABILITY = YES_AGGRESSIVE;
				CLANG_WARN_UNREACHABLE_CODE = YES;
				CLANG_WARN__DUPLICATE_METHOD_MATCH = YES;
				COPY_PHASE_STRIP = NO;
				DEBUG_INFORMATION_FORMAT = "dwarf-with-dsym";
				ENABLE_NS_ASSERTIONS = NO;
				ENABLE_STRICT_OBJC_MSGSEND = YES;
				ENABLE_USER_SCRIPT_SANDBOXING = YES;
				GCC_C_LANGUAGE_STANDARD = gnu17;
				GCC_NO_COMMON_BLOCKS = YES;
				GCC_WARN_64_TO_32_BIT_CONVERSION = YES;
				GCC_WARN_ABOUT_RETURN_TYPE = YES_ERROR;
				GCC_WARN_UNDECLARED_SELECTOR = YES;
				GCC_WARN_UNINITIALIZED_AUTOS = YES_AGGRESSIVE;
				GCC_WARN_UNUSED_FUNCTION = YES;
				GCC_WARN_UNUSED_VARIABLE = YES;
				LOCALIZATION_PREFERS_STRING_CATALOGS = YES;
				MACOSX_DEPLOYMENT_TARGET = 14.4;
				MTL_ENABLE_DEBUG_INFO = NO;
				MTL_FAST_MATH = YES;
				SDKROOT = macosx;
			};
			name = Release;
		};
		519CFFCC2C1C7D7200F180CD /* Debug */ = {
			isa = XCBuildConfiguration;
			buildSettings = {
				CODE_SIGN_STYLE = Automatic;
				HEADER_SEARCH_PATHS = "/usr/local/mysql-connector-c++-8.3.0/include";
				LD_RUNPATH_SEARCH_PATHS = "/usr/local/mysql-connector-c++-8.3.0/lib64";
				LIBRARY_SEARCH_PATHS = (
					"$(inherited)",
					"/usr/local/mysql-connector-c++-8.3.0/lib64",
				);
				OTHER_LDFLAGS = (
					"-lmysqlcppconn8",
					"-lmysqlcppconn",
				);
				PRODUCT_NAME = "$(TARGET_NAME)";
			};
			name = Debug;
		};
		519CFFCD2C1C7D7200F180CD /* Release */ = {
			isa = XCBuildConfiguration;
			buildSettings = {
				CODE_SIGN_STYLE = Automatic;
				HEADER_SEARCH_PATHS = "/usr/local/mysql-connector-c++-8.3.0/include";
				LD_RUNPATH_SEARCH_PATHS = "/usr/local/mysql-connector-c++-8.3.0/lib64";
				LIBRARY_SEARCH_PATHS = (
					"$(inherited)",
					"/usr/local/mysql-connector-c++-8.3.0/lib64",
				);
				OTHER_LDFLAGS = (
					"-lmysqlcppconn8",
					"-lmysqlcppconn",
				);
				PRODUCT_NAME = "$(TARGET_NAME)";
			};
			name = Release;
		};
/* End XCBuildConfiguration section */

/* Begin XCConfigurationList section */
		519CFFBF2C1C7D7200F180CD /* Build configuration list for PBXProject "05-mysql" */ = {
			isa = XCConfigurationList;
			buildConfigurations = (
				519CFFC92C1C7D7200F180CD /* Debug */,
				519CFFCA2C1C7D7200F180CD /* Release */,
			);
			defaultConfigurationIsVisible = 0;
			defaultConfigurationName = Release;
		};
		519CFFCB2C1C7D7200F180CD /* Build configuration list for PBXNativeTarget "05-mysql" */ = {
			isa = XCConfigurationList;
			buildConfigurations = (
				519CFFCC2C1C7D7200F180CD /* Debug */,
				519CFFCD2C1C7D7200F180CD /* Release */,
			);
			defaultConfigurationIsVisible = 0;
			defaultConfigurationName = Release;
		};
/* End XCConfigurationList section */
	};
	rootObject = 519CFFBC2C1C7D7200F180CD /* Project object */;
}
